
Microsoft Visual Studio Solution File, Format Version 12.00
# Visual Studio Version 17
VisualStudioVersion = 17.13.35818.85 d17.13
MinimumVisualStudioVersion = 10.0.40219.1
Project("{FAE04EC0-301F-11D3-BF4B-00C04F79EFBC}") = "modul6_103022300057", "modul6_103022300057.csproj", "{BDC734BD-4083-40F6-9F8F-4D56AAB964D9}"
EndProject
Global
	GlobalSection(SolutionConfigurationPlatforms) = preSolution
		Debug|Any CPU = Debug|Any CPU
		Release|Any CPU = Release|Any CPU
	EndGlobalSection
	GlobalSection(ProjectConfigurationPlatforms) = postSolution
		{BDC734BD-4083-40F6-9F8F-4D56AAB964D9}.Debug|Any CPU.ActiveCfg = Debug|Any CPU
		{BDC734BD-4083-40F6-9F8F-4D56AAB964D9}.Debug|Any CPU.Build.0 = Debug|Any CPU
		{BDC734BD-4083-40F6-9F8F-4D56AAB964D9}.Release|Any CPU.ActiveCfg = Release|Any CPU
		{BDC734BD-4083-40F6-9F8F-4D56AAB964D9}.Release|Any CPU.Build.0 = Release|Any CPU
	EndGlobalSection
	GlobalSection(SolutionProperties) = preSolution
		HideSolutionNode = FALSE
	EndGlobalSection
	GlobalSection(ExtensibilityGlobals) = postSolution
		SolutionGuid = {6A957A39-A59D-41C0-BEB7-561E92BE3D3C}
	EndGlobalSection
EndGlobal
